{
  "requires": true,
  "lockfileVersion": 1,
  "dependencies": {
    "@svelteschool/svelte-forms": {
      "version": "0.7.0",
      "resolved": "https://registry.npmjs.org/@svelteschool/svelte-forms/-/svelte-forms-0.7.0.tgz",
      "integrity": "sha512-TSt8ROqK6wq+Hav7EhZL1I0GtsZhg28aJuuDSviBzG/NG9pC0eprf8roWjl59DKHOVWIUTPTeY+T+lipb9gf8w=="
    }
  }
}
